// !$*UTF8*$!
{
	archiveVersion = 1;
	classes = {
	};
	objectVersion = 46;
	objects = {

/* Begin PBXBuildFile section */
		9E6836451EA88729009467F8 /* AppDelegate.swift in Sources */ = {isa = PBXBuildFile; fileRef = 9E6836441EA88729009467F8 /* AppDelegate.swift */; };
		9E6836471EA88729009467F8 /* ViewController.swift in Sources */ = {isa = PBXBuildFile; fileRef = 9E6836461EA88729009467F8 /* ViewController.swift */; };
		9E68364A1EA88729009467F8 /* Main.storyboard in Resources */ = {isa = PBXBuildFile; fileRef = 9E6836481EA88729009467F8 /* Main.storyboard */; };
		9E68364C1EA88729009467F8 /* Assets.xcassets in Resources */ = {isa = PBXBuildFile; fileRef = 9E68364B1EA88729009467F8 /* Assets.xcassets */; };
		9E68364F1EA88729009467F8 /* LaunchScreen.storyboard in Resources */ = {isa = PBXBuildFile; fileRef = 9E68364D1EA88729009467F8 /* LaunchScreen.storyboard */; };
		9ED7735B1F147366007ED76D /* CSToast.swift in Sources */ = {isa = PBXBuildFile; fileRef = 9ED7735A1F147366007ED76D /* CSToast.swift */; };
/* End PBXBuildFile section */

/* Begin PBXFileReference section */
		9E6836411EA88729009467F8 /* CSToastDemo.app */ = {isa = PBXFileReference; explicitFileType = wrapper.application; includeInIndex = 0; path = CSToastDemo.app; sourceTree = BUILT_PRODUCTS_DIR; };
		9E6836441EA88729009467F8 /* AppDelegate.swift */ = {isa = PBXFileReference; lastKnownFileType = sourcecode.swift; path = AppDelegate.swift; sourceTree = "<group>"; };
		9E6836461EA88729009467F8 /* ViewController.swift */ = {isa = PBXFileReference; lastKnownFileType = sourcecode.swift; path = ViewController.swift; sourceTree = "<group>"; };
		9E6836491EA88729009467F8 /* Base */ = {isa = PBXFileReference; lastKnownFileType = file.storyboard; name = Base; path = Base.lproj/Main.storyboard; sourceTree = "<group>"; };
		9E68364B1EA88729009467F8 /* Assets.xcassets */ = {isa = PBXFileReference; lastKnownFileType = folder.assetcatalog; path = Assets.xcassets; sourceTree = "<group>"; };
		9E68364E1EA88729009467F8 /* Base */ = {isa = PBXFileReference; lastKnownFileType = file.storyboard; name = Base; path = Base.lproj/LaunchScreen.storyboard; sourceTree = "<group>"; };
		9E6836501EA88729009467F8 /* Info.plist */ = {isa = PBXFileReference; lastKnownFileType = text.plist.xml; path = Info.plist; sourceTree = "<group>"; };
		9ED7735A1F147366007ED76D /* CSToast.swift */ = {isa = PBXFileReference; fileEncoding = 4; lastKnownFileType = sourcecode.swift; path = CSToast.swift; sourceTree = "<group>"; };
/* End PBXFileReference section */

/* Begin PBXFrameworksBuildPhase section */
		9E68363E1EA88729009467F8 /* Frameworks */ = {
			isa = PBXFrameworksBuildPhase;
			buildActionMask = 2147483647;
			files = (
			);
			runOnlyForDeploymentPostprocessing = 0;
		};
/* End PBXFrameworksBuildPhase section */

/* Begin PBXGroup section */
		9E6836381EA88729009467F8 = {
			isa = PBXGroup;
			children = (
				9ED773591F147366007ED76D /* Sources */,
				9E6836431EA88729009467F8 /* CSToastDemo */,
				9E6836421EA88729009467F8 /* Products */,
			);
			sourceTree = "<group>";
		};
		9E6836421EA88729009467F8 /* Products */ = {
			isa = PBXGroup;
			children = (
				9E6836411EA88729009467F8 /* CSToastDemo.app */,
			);
			name = Products;
			sourceTree = "<group>";
		};
		9E6836431EA88729009467F8 /* CSToastDemo */ = {
			isa = PBXGroup;
			children = (
				9E6836441EA88729009467F8 /* AppDelegate.swift */,
				9E6836461EA88729009467F8 /* ViewController.swift */,
				9E6836481EA88729009467F8 /* Main.storyboard */,
				9E68364B1EA88729009467F8 /* Assets.xcassets */,
				9E68364D1EA88729009467F8 /* LaunchScreen.storyboard */,
				9E6836501EA88729009467F8 /* Info.plist */,
			);
			path = CSToastDemo;
			sourceTree = "<group>";
		};
		9ED773591F147366007ED76D /* Sources */ = {
			isa = PBXGroup;
			children = (
				9ED7735A1F147366007ED76D /* CSToast.swift */,
			);
			path = Sources;
			sourceTree = "<group>";
		};
/* End PBXGroup section */

/* Begin PBXNativeTarget section */
		9E6836401EA88729009467F8 /* CSToastDemo */ = {
			isa = PBXNativeTarget;
			buildConfigurationList = 9E6836531EA88729009467F8 /* Build configuration list for PBXNativeTarget "CSToastDemo" */;
			buildPhases = (
				9E68363D1EA88729009467F8 /* Sources */,
				9E68363E1EA88729009467F8 /* Frameworks */,
				9E68363F1EA88729009467F8 /* Resources */,
			);
			buildRules = (
			);
			dependencies = (
			);
			name = CSToastDemo;
			productName = CSToastDemo;
			productReference = 9E6836411EA88729009467F8 /* CSToastDemo.app */;
			productType = "com.apple.product-type.application";
		};
/* End PBXNativeTarget section */

/* Begin PBXProject section */
		9E6836391EA88729009467F8 /* Project object */ = {
			isa = PBXProject;
			attributes = {
				LastSwiftUpdateCheck = 0830;
				LastUpgradeCheck = 0830;
				ORGANIZATIONNAME = joslyn;
				TargetAttributes = {
					9E6836401EA88729009467F8 = {
						CreatedOnToolsVersion = 8.3.1;
						DevelopmentTeam = ZBKAZS25AB;
						ProvisioningStyle = Automatic;
					};
				};
			};
			buildConfigurationList = 9E68363C1EA88729009467F8 /* Build configuration list for PBXProject "CSToastDemo" */;
			compatibilityVersion = "Xcode 3.2";
			developmentRegion = English;
			hasScannedForEncodings = 0;
			knownRegions = (
				en,
				Base,
			);
			mainGroup = 9E6836381EA88729009467F8;
			productRefGroup = 9E6836421EA88729009467F8 /* Products */;
			projectDirPath = "";
			projectRoot = "";
			targets = (
				9E6836401EA88729009467F8 /* CSToastDemo */,
			);
		};
/* End PBXProject section */

/* Begin PBXResourcesBuildPhase section */
		9E68363F1EA88729009467F8 /* Resources */ = {
			isa = PBXResourcesBuildPhase;
			buildActionMask = 2147483647;
			files = (
				9E68364F1EA88729009467F8 /* LaunchScreen.storyboard in Resources */,
				9E68364C1EA88729009467F8 /* Assets.xcassets in Resources */,
				9E68364A1EA88729009467F8 /* Main.storyboard in Resources */,
			);
			runOnlyForDeploymentPostprocessing = 0;
		};
/* End PBXResourcesBuildPhase section */

/* Begin PBXSourcesBuildPhase section */
		9E68363D1EA88729009467F8 /* Sources */ = {
			isa = PBXSourcesBuildPhase;
			buildActionMask = 2147483647;
			files = (
				9E6836471EA88729009467F8 /* ViewController.swift in Sources */,
				9ED7735B1F147366007ED76D /* CSToast.swift in Sources */,
				9E6836451EA88729009467F8 /* AppDelegate.swift in Sources */,
			);
			runOnlyForDeploymentPostprocessing = 0;
		};
/* End PBXSourcesBuildPhase section */

/* Begin PBXVariantGroup section */
		9E6836481EA88729009467F8 /* Main.storyboard */ = {
			isa = PBXVariantGroup;
			children = (
				9E6836491EA88729009467F8 /* Base */,
			);
			name = Main.storyboard;
			sourceTree = "<group>";
		};
		9E68364D1EA88729009467F8 /* LaunchScreen.storyboard */ = {
			isa = PBXVariantGroup;
			children = (
				9E68364E1EA88729009467F8 /* Base */,
			);
			name = LaunchScreen.storyboard;
			sourceTree = "<group>";
		};
/* End PBXVariantGroup section */

/* Begin XCBuildConfiguration section */
		9E6836511EA88729009467F8 /* Debug */ = {
			isa = XCBuildConfiguration;
			buildSettings = {
				ALWAYS_SEARCH_USER_PATHS = NO;
				CLANG_ANALYZER_NONNULL = YES;
				CLANG_ANALYZER_NUMBER_OBJECT_CONVERSION = YES_AGGRESSIVE;
				CLANG_CXX_LANGUAGE_STANDARD = "gnu++0x";
				CLANG_CXX_LIBRARY = "libc++";
				CLANG_ENABLE_MODULES = YES;
				CLANG_ENABLE_OBJC_ARC = YES;
				CLANG_WARN_BOOL_CONVERSION = YES;
				CLANG_WARN_CONSTANT_CONVERSION = YES;
				CLANG_WARN_DIRECT_OBJC_ISA_USAGE = YES_ERROR;
				CLANG_WARN_DOCUMENTATION_COMMENTS = YES;
				CLANG_WARN_EMPTY_BODY = YES;
				CLANG_WARN_ENUM_CONVERSION = YES;
				CLANG_WARN_INFINITE_RECURSION = YES;
				CLANG_WARN_INT_CONVERSION = YES;
				CLANG_WARN_OBJC_ROOT_CLASS = YES_ERROR;
				CLANG_WARN_SUSPICIOUS_MOVE = YES;
				CLANG_WARN_UNREACHABLE_CODE = YES;
				CLANG_WARN__DUPLICATE_METHOD_MATCH = YES;
				"CODE_SIGN_IDENTITY[sdk=iphoneos*]" = "iPhone Developer";
				COPY_PHASE_STRIP = NO;
				DEBUG_INFORMATION_FORMAT = dwarf;
				ENABLE_STRICT_OBJC_MSGSEND = YES;
				ENABLE_TESTABILITY = YES;
				GCC_C_LANGUAGE_STANDARD = gnu99;
				GCC_DYNAMIC_NO_PIC = NO;
				GCC_NO_COMMON_BLOCKS = YES;
				GCC_OPTIMIZATION_LEVEL = 0;
				GCC_PREPROCESSOR_DEFINITIONS = (
					"DEBUG=1",
					"$(inherited)",
				);
				GCC_WARN_64_TO_32_BIT_CONVERSION = YES;
				GCC_WARN_ABOUT_RETURN_TYPE = YES_ERROR;
				GCC_WARN_UNDECLARED_SELECTOR = YES;
				GCC_WARN_UNINITIALIZED_AUTOS = YES_AGGRESSIVE;
				GCC_WARN_UNUSED_FUNCTION = YES;
				GCC_WARN_UNUSED_VARIABLE = YES;
				IPHONEOS_DEPLOYMENT_TARGET = 10.3;
				MTL_ENABLE_DEBUG_INFO = YES;
				ONLY_ACTIVE_ARCH = YES;
				SDKROOT = iphoneos;
				SWIFT_ACTIVE_COMPILATION_CONDITIONS = DEBUG;
				SWIFT_OPTIMIZATION_LEVEL = "-Onone";
			};
			name = Debug;
		};
		9E6836521EA88729009467F8 /* Release */ = {
			isa = XCBuildConfiguration;
			buildSettings = {
				ALWAYS_SEARCH_USER_PATHS = NO;
				CLANG_ANALYZER_NONNULL = YES;
				CLANG_ANALYZER_NUMBER_OBJECT_CONVERSION = YES_AGGRESSIVE;
				CLANG_CXX_LANGUAGE_STANDARD = "gnu++0x";
				CLANG_CXX_LIBRARY = "libc++";
				CLANG_ENABLE_MODULES = YES;
				CLANG_ENABLE_OBJC_ARC = YES;
				CLANG_WARN_BOOL_CONVERSION = YES;
				CLANG_WARN_CONSTANT_CONVERSION = YES;
				CLANG_WARN_DIRECT_OBJC_ISA_USAGE = YES_ERROR;
				CLANG_WARN_DOCUMENTATION_COMMENTS = YES;
				CLANG_WARN_EMPTY_BODY = YES;
				CLANG_WARN_ENUM_CONVERSION = YES;
				CLANG_WARN_INFINITE_RECURSION = YES;
				CLANG_WARN_INT_CONVERSION = YES;
				CLANG_WARN_OBJC_ROOT_CLASS = YES_ERROR;
				CLANG_WARN_SUSPICIOUS_MOVE = YES;
				CLANG_WARN_UNREACHABLE_CODE = YES;
				CLANG_WARN__DUPLICATE_METHOD_MATCH = YES;
				"CODE_SIGN_IDENTITY[sdk=iphoneos*]" = "iPhone Developer";
				COPY_PHASE_STRIP = NO;
				DEBUG_INFORMATION_FORMAT = "dwarf-with-dsym";
				ENABLE_NS_ASSERTIONS = NO;
				ENABLE_STRICT_OBJC_MSGSEND = YES;
				GCC_C_LANGUAGE_STANDARD = gnu99;
				GCC_NO_COMMON_BLOCKS = YES;
				GCC_WARN_64_TO_32_BIT_CONVERSION = YES;
				GCC_WARN_ABOUT_RETURN_TYPE = YES_ERROR;
				GCC_WARN_UNDECLARED_SELECTOR = YES;
				GCC_WARN_UNINITIALIZED_AUTOS = YES_AGGRESSIVE;
				GCC_WARN_UNUSED_FUNCTION = YES;
				GCC_WARN_UNUSED_VARIABLE = YES;
				IPHONEOS_DEPLOYMENT_TARGET = 10.3;
				MTL_ENABLE_DEBUG_INFO = NO;
				SDKROOT = iphoneos;
				SWIFT_OPTIMIZATION_LEVEL = "-Owholemodule";
				VALIDATE_PRODUCT = YES;
			};
			name = Release;
		};
		9E6836541EA88729009467F8 /* Debug */ = {
			isa = XCBuildConfiguration;
			buildSettings = {
				ASSETCATALOG_COMPILER_APPICON_NAME = AppIcon;
				DEVELOPMENT_TEAM = ZBKAZS25AB;
				INFOPLIST_FILE = CSToastDemo/Info.plist;
				LD_RUNPATH_SEARCH_PATHS = "$(inherited) @executable_path/Frameworks";
				PRODUCT_BUNDLE_IDENTIFIER = com.joslyn.wu.CSToastDemo;
				PRODUCT_NAME = "$(TARGET_NAME)";
				SWIFT_VERSION = 3.0;
			};
			name = Debug;
		};
		9E6836551EA88729009467F8 /* Release */ = {
			isa = XCBuildConfiguration;
			buildSettings = {
				ASSETCATALOG_COMPILER_APPICON_NAME = AppIcon;
				DEVELOPMENT_TEAM = ZBKAZS25AB;
				INFOPLIST_FILE = CSToastDemo/Info.plist;
				LD_RUNPATH_SEARCH_PATHS = "$(inherited) @executable_path/Frameworks";
				PRODUCT_BUNDLE_IDENTIFIER = com.joslyn.wu.CSToastDemo;
				PRODUCT_NAME = "$(TARGET_NAME)";
				SWIFT_VERSION = 3.0;
			};
			name = Release;
		};
/* End XCBuildConfiguration section */

/* Begin XCConfigurationList section */
		9E68363C1EA88729009467F8 /* Build configuration list for PBXProject "CSToastDemo" */ = {
			isa = XCConfigurationList;
			buildConfigurations = (
				9E6836511EA88729009467F8 /* Debug */,
				9E6836521EA88729009467F8 /* Release */,
			);
			defaultConfigurationIsVisible = 0;
			defaultConfigurationName = Release;
		};
		9E6836531EA88729009467F8 /* Build configuration list for PBXNativeTarget "CSToastDemo" */ = {
			isa = XCConfigurationList;
			buildConfigurations = (
				9E6836541EA88729009467F8 /* Debug */,
				9E6836551EA88729009467F8 /* Release */,
			);
			defaultConfigurationIsVisible = 0;
			defaultConfigurationName = Release;
		};
/* End XCConfigurationList section */
	};
	rootObject = 9E6836391EA88729009467F8 /* Project object */;
}
